// !$*UTF8*$!
{
	archiveVersion = 1;
	classes = {
	};
	objectVersion = 46;
	objects = {

/* Begin PBXBuildFile section */
		0041D5F340DEBB9CEEA3C73B /* libPods.a in Frameworks */ = {isa = PBXBuildFile; fileRef = 25735EE90FBB0B03B308AC42 /* libPods.a */; };
		0E224A301A87CFE600C578CB /* BaseTest.m in Sources */ = {isa = PBXBuildFile; fileRef = 0E224A1C1A87CFE600C578CB /* BaseTest.m */; };
		0E224A311A87CFE600C578CB /* CalcMacTest.m in Sources */ = {isa = PBXBuildFile; fileRef = 0E224A1E1A87CFE600C578CB /* CalcMacTest.m */; };
		0E224A321A87CFE600C578CB /* ConsumeTest.m in Sources */ = {isa = PBXBuildFile; fileRef = 0E224A201A87CFE600C578CB /* ConsumeTest.m */; };
		0E224A331A87CFE600C578CB /* ME11Test.m in Sources */ = {isa = PBXBuildFile; fileRef = 0E224A221A87CFE600C578CB /* ME11Test.m */; };
		0E224A341A87CFE600C578CB /* PageViewController.m in Sources */ = {isa = PBXBuildFile; fileRef = 0E224A261A87CFE600C578CB /* PageViewController.m */; };
		0E224A351A87CFE600C578CB /* PageViewController.xib in Resources */ = {isa = PBXBuildFile; fileRef = 0E224A271A87CFE600C578CB /* PageViewController.xib */; };
		0E224A361A87CFE600C578CB /* PBOCTest.m in Sources */ = {isa = PBXBuildFile; fileRef = 0E224A291A87CFE600C578CB /* PBOCTest.m */; };
		0E224A371A87CFE600C578CB /* PinInputTest.m in Sources */ = {isa = PBXBuildFile; fileRef = 0E224A2B1A87CFE600C578CB /* PinInputTest.m */; };
		0E224A381A87CFE600C578CB /* PrintTest.m in Sources */ = {isa = PBXBuildFile; fileRef = 0E224A2D1A87CFE600C578CB /* PrintTest.m */; };
		0E224A391A87CFE600C578CB /* SwipeTest.m in Sources */ = {isa = PBXBuildFile; fileRef = 0E224A2F1A87CFE600C578CB /* SwipeTest.m */; };
		0E224A3F1A87D3A200C578CB /* PaintingView.m in Sources */ = {isa = PBXBuildFile; fileRef = 0E224A3C1A87D3A200C578CB /* PaintingView.m */; settings = {COMPILER_FLAGS = "-fno-objc-arc"; }; };
		0E224A401A87D3A200C578CB /* PaintingWindow.m in Sources */ = {isa = PBXBuildFile; fileRef = 0E224A3E1A87D3A200C578CB /* PaintingWindow.m */; };
		0E224A441A87D40200C578CB /* POSPaintViewController.m in Sources */ = {isa = PBXBuildFile; fileRef = 0E224A421A87D40200C578CB /* POSPaintViewController.m */; };
		0E224A451A87D40200C578CB /* POSPaintViewController.xib in Resources */ = {isa = PBXBuildFile; fileRef = 0E224A431A87D40200C578CB /* POSPaintViewController.xib */; };
		0E7512DE1A695C60007F6D6E /* AppConstants.m in Sources */ = {isa = PBXBuildFile; fileRef = 0E7512DB1A695C60007F6D6E /* AppConstants.m */; };
		0E7512DF1A695C60007F6D6E /* NetRequestInterface.m in Sources */ = {isa = PBXBuildFile; fileRef = 0E7512DD1A695C60007F6D6E /* NetRequestInterface.m */; };
		0E7512E21A696657007F6D6E /* UserInfo.m in Sources */ = {isa = PBXBuildFile; fileRef = 0E7512E11A696657007F6D6E /* UserInfo.m */; };
		0EB4658F1A58500A002B240E /* MESDK.framework in Frameworks */ = {isa = PBXBuildFile; fileRef = 0EB4658E1A58500A002B240E /* MESDK.framework */; };
		0EC58DED1A55EBBA00F2B391 /* main.m in Sources */ = {isa = PBXBuildFile; fileRef = 0EC58DEC1A55EBBA00F2B391 /* main.m */; };
		0EC58DF01A55EBBA00F2B391 /* AppDelegate.m in Sources */ = {isa = PBXBuildFile; fileRef = 0EC58DEF1A55EBBA00F2B391 /* AppDelegate.m */; };
		0EC58DF31A55EBBA00F2B391 /* POSIndexViewController.m in Sources */ = {isa = PBXBuildFile; fileRef = 0EC58DF21A55EBBA00F2B391 /* POSIndexViewController.m */; };
		0EC58DF61A55EBBA00F2B391 /* POSMessageViewController.m in Sources */ = {isa = PBXBuildFile; fileRef = 0EC58DF51A55EBBA00F2B391 /* POSMessageViewController.m */; };
		0EC58DF91A55EBBA00F2B391 /* Main.storyboard in Resources */ = {isa = PBXBuildFile; fileRef = 0EC58DF71A55EBBA00F2B391 /* Main.storyboard */; };
		0EC58DFB1A55EBBA00F2B391 /* Images.xcassets in Resources */ = {isa = PBXBuildFile; fileRef = 0EC58DFA1A55EBBA00F2B391 /* Images.xcassets */; };
		0EC58DFE1A55EBBA00F2B391 /* LaunchScreen.xib in Resources */ = {isa = PBXBuildFile; fileRef = 0EC58DFC1A55EBBA00F2B391 /* LaunchScreen.xib */; };
		0EC58E0A1A55EBBA00F2B391 /* POSPayTests.m in Sources */ = {isa = PBXBuildFile; fileRef = 0EC58E091A55EBBA00F2B391 /* POSPayTests.m */; };
		0ECCE76F1A599256001ECBD9 /* Util.m in Sources */ = {isa = PBXBuildFile; fileRef = 0ECCE76E1A599256001ECBD9 /* Util.m */; };
		0ECCE7721A599873001ECBD9 /* GTMBase64.m in Sources */ = {isa = PBXBuildFile; fileRef = 0ECCE7711A599873001ECBD9 /* GTMBase64.m */; };
		351FC0C91A867138000C52C1 /* sixNumberPasswordView.m in Sources */ = {isa = PBXBuildFile; fileRef = 351FC0C61A867138000C52C1 /* sixNumberPasswordView.m */; };
		351FC0CA1A867138000C52C1 /* sixNumberPasswordView.xib in Resources */ = {isa = PBXBuildFile; fileRef = 351FC0C81A867138000C52C1 /* sixNumberPasswordView.xib */; };
		357030BA1A64222A003287BD /* messageCell.m in Sources */ = {isa = PBXBuildFile; fileRef = 357030B51A64222A003287BD /* messageCell.m */; };
		357030BB1A64222A003287BD /* messageCell.xib in Resources */ = {isa = PBXBuildFile; fileRef = 357030B61A64222A003287BD /* messageCell.xib */; };
		357030BC1A64222A003287BD /* messageFooterView.m in Sources */ = {isa = PBXBuildFile; fileRef = 357030B81A64222A003287BD /* messageFooterView.m */; };
		357030BD1A64222A003287BD /* messageFooterView.xib in Resources */ = {isa = PBXBuildFile; fileRef = 357030B91A64222A003287BD /* messageFooterView.xib */; };
		357030C01A642D85003287BD /* POSMessage.m in Sources */ = {isa = PBXBuildFile; fileRef = 357030BF1A642D85003287BD /* POSMessage.m */; };
		357030C81A68EF71003287BD /* LoginViewController.m in Sources */ = {isa = PBXBuildFile; fileRef = 357030C71A68EF71003287BD /* LoginViewController.m */; };
		357030CB1A68EFA9003287BD /* rigisterViewController.m in Sources */ = {isa = PBXBuildFile; fileRef = 357030CA1A68EFA9003287BD /* rigisterViewController.m */; };
		357030CE1A68EFE9003287BD /* findPwdViewController.m in Sources */ = {isa = PBXBuildFile; fileRef = 357030CD1A68EFE9003287BD /* findPwdViewController.m */; };
		357030D11A68F016003287BD /* newPwdViewController.m in Sources */ = {isa = PBXBuildFile; fileRef = 357030D01A68F016003287BD /* newPwdViewController.m */; };
		35B03E031A84E203001752A1 /* authenticationInfo.m in Sources */ = {isa = PBXBuildFile; fileRef = 35B03E021A84E203001752A1 /* authenticationInfo.m */; };
		35C8178A1A7FB7010066C52B /* nameAndIDController.m in Sources */ = {isa = PBXBuildFile; fileRef = 35C817891A7FB7010066C52B /* nameAndIDController.m */; };
		35C8178D1A7FB7150066C52B /* passwordController.m in Sources */ = {isa = PBXBuildFile; fileRef = 35C8178C1A7FB7150066C52B /* passwordController.m */; };
		35C817901A7FB7290066C52B /* pictureController.m in Sources */ = {isa = PBXBuildFile; fileRef = 35C8178F1A7FB7290066C52B /* pictureController.m */; };
		35C817931A7FB7630066C52B /* confirmController.m in Sources */ = {isa = PBXBuildFile; fileRef = 35C817921A7FB7630066C52B /* confirmController.m */; };
		35F063BD1A86083800964E78 /* changePasswordController.m in Sources */ = {isa = PBXBuildFile; fileRef = 35F063BC1A86083800964E78 /* changePasswordController.m */; };
		35F063C01A86140D00964E78 /* chageLoginPasswordViewController.m in Sources */ = {isa = PBXBuildFile; fileRef = 35F063BF1A86140D00964E78 /* chageLoginPasswordViewController.m */; };
		35F063C31A86143B00964E78 /* changeTixianPasswordViewController.m in Sources */ = {isa = PBXBuildFile; fileRef = 35F063C21A86143B00964E78 /* changeTixianPasswordViewController.m */; };
		E24DD7CC1A82E61A00E75206 /* POSPasswordView.m in Sources */ = {isa = PBXBuildFile; fileRef = E24DD7CB1A82E61A00E75206 /* POSPasswordView.m */; };
		E24DD7CE1A82E62900E75206 /* POSPasswordView.xib in Resources */ = {isa = PBXBuildFile; fileRef = E24DD7CD1A82E62900E75206 /* POSPasswordView.xib */; };
		E2B014201A87DE8D0076FB8A /* POSEnterCardIdViewController.m in Sources */ = {isa = PBXBuildFile; fileRef = E2B0141E1A87DE8D0076FB8A /* POSEnterCardIdViewController.m */; };
		E2B014211A87DE8D0076FB8A /* POSEnterCardIdViewController.xib in Resources */ = {isa = PBXBuildFile; fileRef = E2B0141F1A87DE8D0076FB8A /* POSEnterCardIdViewController.xib */; };
		E2B014251A87E01C0076FB8A /* POSEnterCardInfoViewController.m in Sources */ = {isa = PBXBuildFile; fileRef = E2B014231A87E01C0076FB8A /* POSEnterCardInfoViewController.m */; };
		E2B014261A87E01C0076FB8A /* POSEnterCardInfoViewController.xib in Resources */ = {isa = PBXBuildFile; fileRef = E2B014241A87E01C0076FB8A /* POSEnterCardInfoViewController.xib */; };
		F243AFE01A75562600324F95 /* POSPickerView.m in Sources */ = {isa = PBXBuildFile; fileRef = F243AFDF1A75562600324F95 /* POSPickerView.m */; };
		F243AFE21A75563C00324F95 /* POSPickerView.xib in Resources */ = {isa = PBXBuildFile; fileRef = F243AFE11A75563C00324F95 /* POSPickerView.xib */; };
		F243AFE61A75668300324F95 /* POSCardPaymentOrderViewController.m in Sources */ = {isa = PBXBuildFile; fileRef = F243AFE41A75668300324F95 /* POSCardPaymentOrderViewController.m */; };
		F243AFE71A75668300324F95 /* POSCardPaymentOrderViewController.xib in Resources */ = {isa = PBXBuildFile; fileRef = F243AFE51A75668300324F95 /* POSCardPaymentOrderViewController.xib */; };
		F28200031A5C71F400074ADA /* POSAboutProductController.m in Sources */ = {isa = PBXBuildFile; fileRef = F28200011A5C71F400074ADA /* POSAboutProductController.m */; };
		F28200041A5C71F400074ADA /* POSAboutProductController.xib in Resources */ = {isa = PBXBuildFile; fileRef = F28200021A5C71F400074ADA /* POSAboutProductController.xib */; };
		F28200091A5D82E500074ADA /* POSCardPaymentController.m in Sources */ = {isa = PBXBuildFile; fileRef = F28200071A5D82E500074ADA /* POSCardPaymentController.m */; };
		F282000A1A5D82E500074ADA /* POSCardPaymentController.xib in Resources */ = {isa = PBXBuildFile; fileRef = F28200081A5D82E500074ADA /* POSCardPaymentController.xib */; };
		F282000E1A5DABB700074ADA /* POSNoCardPaymentController.m in Sources */ = {isa = PBXBuildFile; fileRef = F282000C1A5DABB700074ADA /* POSNoCardPaymentController.m */; };
		F282000F1A5DABB700074ADA /* POSNoCardPaymentController.xib in Resources */ = {isa = PBXBuildFile; fileRef = F282000D1A5DABB700074ADA /* POSNoCardPaymentController.xib */; };
		F28200151A5DB4D900074ADA /* POSPaymentResultController.m in Sources */ = {isa = PBXBuildFile; fileRef = F28200131A5DB4D900074ADA /* POSPaymentResultController.m */; };
		F28200161A5DB4D900074ADA /* POSPaymentResultController.xib in Resources */ = {isa = PBXBuildFile; fileRef = F28200141A5DB4D900074ADA /* POSPaymentResultController.xib */; };
		F282001C1A5DB8CD00074ADA /* POSAlertView.xib in Resources */ = {isa = PBXBuildFile; fileRef = F282001A1A5DB8CD00074ADA /* POSAlertView.xib */; };
		F282001F1A5DBE9300074ADA /* POSAlertView.m in Sources */ = {isa = PBXBuildFile; fileRef = F282001E1A5DBE9300074ADA /* POSAlertView.m */; };
		F282FFFD1A5C54CC00074ADA /* POSAccountTopCell.m in Sources */ = {isa = PBXBuildFile; fileRef = F282FFFB1A5C54CC00074ADA /* POSAccountTopCell.m */; };
		F282FFFE1A5C54CC00074ADA /* POSAccountTopCell.xib in Resources */ = {isa = PBXBuildFile; fileRef = F282FFFC1A5C54CC00074ADA /* POSAccountTopCell.xib */; };
		F2C3C8E51A5AFCED0021236C /* POSAccountViewController.m in Sources */ = {isa = PBXBuildFile; fileRef = F2C3C8E31A5AFCED0021236C /* POSAccountViewController.m */; };
		F2C3C8E61A5AFCED0021236C /* POSAccountViewController.xib in Resources */ = {isa = PBXBuildFile; fileRef = F2C3C8E41A5AFCED0021236C /* POSAccountViewController.xib */; };
/* End PBXBuildFile section */

/* Begin PBXContainerItemProxy section */
		0EC58E041A55EBBA00F2B391 /* PBXContainerItemProxy */ = {
			isa = PBXContainerItemProxy;
			containerPortal = 0EC58DDF1A55EBBA00F2B391 /* Project object */;
			proxyType = 1;
			remoteGlobalIDString = 0EC58DE61A55EBBA00F2B391;
			remoteInfo = POSPay;
		};
/* End PBXContainerItemProxy section */

/* Begin PBXFileReference section */
		0E224A1B1A87CFE600C578CB /* BaseTest.h */ = {isa = PBXFileReference; fileEncoding = 4; lastKnownFileType = sourcecode.c.h; name = BaseTest.h; path = ME11Test/BaseTest.h; sourceTree = "<group>"; };
		0E224A1C1A87CFE600C578CB /* BaseTest.m */ = {isa = PBXFileReference; fileEncoding = 4; lastKnownFileType = sourcecode.c.objc; name = BaseTest.m; path = ME11Test/BaseTest.m; sourceTree = "<group>"; };
		0E224A1D1A87CFE600C578CB /* CalcMacTest.h */ = {isa = PBXFileReference; fileEncoding = 4; lastKnownFileType = sourcecode.c.h; name = CalcMacTest.h; path = ME11Test/CalcMacTest.h; sourceTree = "<group>"; };
		0E224A1E1A87CFE600C578CB /* CalcMacTest.m */ = {isa = PBXFileReference; fileEncoding = 4; lastKnownFileType = sourcecode.c.objc; name = CalcMacTest.m; path = ME11Test/CalcMacTest.m; sourceTree = "<group>"; };
		0E224A1F1A87CFE600C578CB /* ConsumeTest.h */ = {isa = PBXFileReference; fileEncoding = 4; lastKnownFileType = sourcecode.c.h; name = ConsumeTest.h; path = ME11Test/ConsumeTest.h; sourceTree = "<group>"; };
		0E224A201A87CFE600C578CB /* ConsumeTest.m */ = {isa = PBXFileReference; fileEncoding = 4; lastKnownFileType = sourcecode.c.objc; name = ConsumeTest.m; path = ME11Test/ConsumeTest.m; sourceTree = "<group>"; };
		0E224A211A87CFE600C578CB /* ME11Test.h */ = {isa = PBXFileReference; fileEncoding = 4; lastKnownFileType = sourcecode.c.h; name = ME11Test.h; path = ME11Test/ME11Test.h; sourceTree = "<group>"; };
		0E224A221A87CFE600C578CB /* ME11Test.m */ = {isa = PBXFileReference; fileEncoding = 4; lastKnownFileType = sourcecode.c.objc; name = ME11Test.m; path = ME11Test/ME11Test.m; sourceTree = "<group>"; };
		0E224A231A87CFE600C578CB /* NLDump.h */ = {isa = PBXFileReference; fileEncoding = 4; lastKnownFileType = sourcecode.c.h; name = NLDump.h; path = ME11Test/NLDump.h; sourceTree = "<group>"; };
		0E224A241A87CFE600C578CB /* NLISOUtils.h */ = {isa = PBXFileReference; fileEncoding = 4; lastKnownFileType = sourcecode.c.h; name = NLISOUtils.h; path = ME11Test/NLISOUtils.h; sourceTree = "<group>"; };
		0E224A251A87CFE600C578CB /* PageViewController.h */ = {isa = PBXFileReference; fileEncoding = 4; lastKnownFileType = sourcecode.c.h; name = PageViewController.h; path = ME11Test/PageViewController.h; sourceTree = "<group>"; };
		0E224A261A87CFE600C578CB /* PageViewController.m */ = {isa = PBXFileReference; fileEncoding = 4; lastKnownFileType = sourcecode.c.objc; name = PageViewController.m; path = ME11Test/PageViewController.m; sourceTree = "<group>"; };
		0E224A271A87CFE600C578CB /* PageViewController.xib */ = {isa = PBXFileReference; fileEncoding = 4; lastKnownFileType = file.xib; name = PageViewController.xib; path = ME11Test/PageViewController.xib; sourceTree = "<group>"; };
		0E224A281A87CFE600C578CB /* PBOCTest.h */ = {isa = PBXFileReference; fileEncoding = 4; lastKnownFileType = sourcecode.c.h; name = PBOCTest.h; path = ME11Test/PBOCTest.h; sourceTree = "<group>"; };
		0E224A291A87CFE600C578CB /* PBOCTest.m */ = {isa = PBXFileReference; fileEncoding = 4; lastKnownFileType = sourcecode.c.objc; name = PBOCTest.m; path = ME11Test/PBOCTest.m; sourceTree = "<group>"; };
		0E224A2A1A87CFE600C578CB /* PinInputTest.h */ = {isa = PBXFileReference; fileEncoding = 4; lastKnownFileType = sourcecode.c.h; name = PinInputTest.h; path = ME11Test/PinInputTest.h; sourceTree = "<group>"; };
		0E224A2B1A87CFE600C578CB /* PinInputTest.m */ = {isa = PBXFileReference; fileEncoding = 4; lastKnownFileType = sourcecode.c.objc; name = PinInputTest.m; path = ME11Test/PinInputTest.m; sourceTree = "<group>"; };
		0E224A2C1A87CFE600C578CB /* PrintTest.h */ = {isa = PBXFileReference; fileEncoding = 4; lastKnownFileType = sourcecode.c.h; name = PrintTest.h; path = ME11Test/PrintTest.h; sourceTree = "<group>"; };
		0E224A2D1A87CFE600C578CB /* PrintTest.m */ = {isa = PBXFileReference; fileEncoding = 4; lastKnownFileType = sourcecode.c.objc; name = PrintTest.m; path = ME11Test/PrintTest.m; sourceTree = "<group>"; };
		0E224A2E1A87CFE600C578CB /* SwipeTest.h */ = {isa = PBXFileReference; fileEncoding = 4; lastKnownFileType = sourcecode.c.h; name = SwipeTest.h; path = ME11Test/SwipeTest.h; sourceTree = "<group>"; };
		0E224A2F1A87CFE600C578CB /* SwipeTest.m */ = {isa = PBXFileReference; fileEncoding = 4; lastKnownFileType = sourcecode.c.objc; name = SwipeTest.m; path = ME11Test/SwipeTest.m; sourceTree = "<group>"; };
		0E224A3B1A87D3A200C578CB /* PaintingView.h */ = {isa = PBXFileReference; fileEncoding = 4; lastKnownFileType = sourcecode.c.h; name = PaintingView.h; path = PaintOnScreen/PaintingView.h; sourceTree = "<group>"; };
		0E224A3C1A87D3A200C578CB /* PaintingView.m */ = {isa = PBXFileReference; fileEncoding = 4; lastKnownFileType = sourcecode.c.objc; name = PaintingView.m; path = PaintOnScreen/PaintingView.m; sourceTree = "<group>"; };
		0E224A3D1A87D3A200C578CB /* PaintingWindow.h */ = {isa = PBXFileReference; fileEncoding = 4; lastKnownFileType = sourcecode.c.h; name = PaintingWindow.h; path = PaintOnScreen/PaintingWindow.h; sourceTree = "<group>"; };
		0E224A3E1A87D3A200C578CB /* PaintingWindow.m */ = {isa = PBXFileReference; fileEncoding = 4; lastKnownFileType = sourcecode.c.objc; name = PaintingWindow.m; path = PaintOnScreen/PaintingWindow.m; sourceTree = "<group>"; };
		0E224A411A87D40200C578CB /* POSPaintViewController.h */ = {isa = PBXFileReference; fileEncoding = 4; lastKnownFileType = sourcecode.c.h; path = POSPaintViewController.h; sourceTree = "<group>"; };
		0E224A421A87D40200C578CB /* POSPaintViewController.m */ = {isa = PBXFileReference; fileEncoding = 4; lastKnownFileType = sourcecode.c.objc; path = POSPaintViewController.m; sourceTree = "<group>"; };
		0E224A431A87D40200C578CB /* POSPaintViewController.xib */ = {isa = PBXFileReference; fileEncoding = 4; lastKnownFileType = file.xib; path = POSPaintViewController.xib; sourceTree = "<group>"; };
		0E7512DA1A695C60007F6D6E /* AppConstants.h */ = {isa = PBXFileReference; fileEncoding = 4; lastKnownFileType = sourcecode.c.h; name = AppConstants.h; path = "untitled folder/AppConstants.h"; sourceTree = "<group>"; };
		0E7512DB1A695C60007F6D6E /* AppConstants.m */ = {isa = PBXFileReference; fileEncoding = 4; lastKnownFileType = sourcecode.c.objc; name = AppConstants.m; path = "untitled folder/AppConstants.m"; sourceTree = "<group>"; };
		0E7512DC1A695C60007F6D6E /* NetRequestInterface.h */ = {isa = PBXFileReference; fileEncoding = 4; lastKnownFileType = sourcecode.c.h; name = NetRequestInterface.h; path = "untitled folder/NetRequestInterface.h"; sourceTree = "<group>"; };
		0E7512DD1A695C60007F6D6E /* NetRequestInterface.m */ = {isa = PBXFileReference; fileEncoding = 4; lastKnownFileType = sourcecode.c.objc; name = NetRequestInterface.m; path = "untitled folder/NetRequestInterface.m"; sourceTree = "<group>"; };
		0E7512E01A696657007F6D6E /* UserInfo.h */ = {isa = PBXFileReference; fileEncoding = 4; lastKnownFileType = sourcecode.c.h; path = UserInfo.h; sourceTree = "<group>"; };
		0E7512E11A696657007F6D6E /* UserInfo.m */ = {isa = PBXFileReference; fileEncoding = 4; lastKnownFileType = sourcecode.c.objc; path = UserInfo.m; sourceTree = "<group>"; };
		0E7512E31A6E961F007F6D6E /* PrefixHeader.pch */ = {isa = PBXFileReference; fileEncoding = 4; lastKnownFileType = sourcecode.c.h; path = PrefixHeader.pch; sourceTree = "<group>"; };
		0EB4658E1A58500A002B240E /* MESDK.framework */ = {isa = PBXFileReference; lastKnownFileType = wrapper.framework; path = MESDK.framework; sourceTree = "<group>"; };
		0EC58DE71A55EBBA00F2B391 /* POSPay.app */ = {isa = PBXFileReference; explicitFileType = wrapper.application; includeInIndex = 0; path = POSPay.app; sourceTree = BUILT_PRODUCTS_DIR; };
		0EC58DEB1A55EBBA00F2B391 /* Info.plist */ = {isa = PBXFileReference; lastKnownFileType = text.plist.xml; path = Info.plist; sourceTree = "<group>"; };
		0EC58DEC1A55EBBA00F2B391 /* main.m */ = {isa = PBXFileReference; lastKnownFileType = sourcecode.c.objc; path = main.m; sourceTree = "<group>"; };
		0EC58DEE1A55EBBA00F2B391 /* AppDelegate.h */ = {isa = PBXFileReference; lastKnownFileType = sourcecode.c.h; path = AppDelegate.h; sourceTree = "<group>"; };
		0EC58DEF1A55EBBA00F2B391 /* AppDelegate.m */ = {isa = PBXFileReference; lastKnownFileType = sourcecode.c.objc; path = AppDelegate.m; sourceTree = "<group>"; };
		0EC58DF11A55EBBA00F2B391 /* POSIndexViewController.h */ = {isa = PBXFileReference; lastKnownFileType = sourcecode.c.h; path = POSIndexViewController.h; sourceTree = "<group>"; };
		0EC58DF21A55EBBA00F2B391 /* POSIndexViewController.m */ = {isa = PBXFileReference; lastKnownFileType = sourcecode.c.objc; path = POSIndexViewController.m; sourceTree = "<group>"; };
		0EC58DF41A55EBBA00F2B391 /* POSMessageViewController.h */ = {isa = PBXFileReference; lastKnownFileType = sourcecode.c.h; path = POSMessageViewController.h; sourceTree = "<group>"; };
		0EC58DF51A55EBBA00F2B391 /* POSMessageViewController.m */ = {isa = PBXFileReference; lastKnownFileType = sourcecode.c.objc; path = POSMessageViewController.m; sourceTree = "<group>"; };
		0EC58DF81A55EBBA00F2B391 /* Base */ = {isa = PBXFileReference; lastKnownFileType = file.storyboard; name = Base; path = Base.lproj/Main.storyboard; sourceTree = "<group>"; };
		0EC58DFA1A55EBBA00F2B391 /* Images.xcassets */ = {isa = PBXFileReference; lastKnownFileType = folder.assetcatalog; path = Images.xcassets; sourceTree = "<group>"; };
		0EC58DFD1A55EBBA00F2B391 /* Base */ = {isa = PBXFileReference; lastKnownFileType = file.xib; name = Base; path = Base.lproj/LaunchScreen.xib; sourceTree = "<group>"; };
		0EC58E031A55EBBA00F2B391 /* POSPayTests.xctest */ = {isa = PBXFileReference; explicitFileType = wrapper.cfbundle; includeInIndex = 0; path = POSPayTests.xctest; sourceTree = BUILT_PRODUCTS_DIR; };
		0EC58E081A55EBBA00F2B391 /* Info.plist */ = {isa = PBXFileReference; lastKnownFileType = text.plist.xml; path = Info.plist; sourceTree = "<group>"; };
		0EC58E091A55EBBA00F2B391 /* POSPayTests.m */ = {isa = PBXFileReference; lastKnownFileType = sourcecode.c.objc; path = POSPayTests.m; sourceTree = "<group>"; };
		0ECCE76D1A599256001ECBD9 /* Util.h */ = {isa = PBXFileReference; fileEncoding = 4; lastKnownFileType = sourcecode.c.h; name = Util.h; path = "untitled folder/Util.h"; sourceTree = "<group>"; };
		0ECCE76E1A599256001ECBD9 /* Util.m */ = {isa = PBXFileReference; fileEncoding = 4; lastKnownFileType = sourcecode.c.objc; name = Util.m; path = "untitled folder/Util.m"; sourceTree = "<group>"; };
		0ECCE7701A599873001ECBD9 /* GTMBase64.h */ = {isa = PBXFileReference; fileEncoding = 4; lastKnownFileType = sourcecode.c.h; name = GTMBase64.h; path = "untitled folder/GTMBase64.h"; sourceTree = "<group>"; };
		0ECCE7711A599873001ECBD9 /* GTMBase64.m */ = {isa = PBXFileReference; fileEncoding = 4; lastKnownFileType = sourcecode.c.objc; name = GTMBase64.m; path = "untitled folder/GTMBase64.m"; sourceTree = "<group>"; };
		0ECCE7731A599952001ECBD9 /* GTMDefines.h */ = {isa = PBXFileReference; fileEncoding = 4; lastKnownFileType = sourcecode.c.h; path = GTMDefines.h; sourceTree = "<group>"; };
		25735EE90FBB0B03B308AC42 /* libPods.a */ = {isa = PBXFileReference; explicitFileType = archive.ar; includeInIndex = 0; path = libPods.a; sourceTree = BUILT_PRODUCTS_DIR; };
		351FC0C61A867138000C52C1 /* sixNumberPasswordView.m */ = {isa = PBXFileReference; fileEncoding = 4; lastKnownFileType = sourcecode.c.objc; path = sixNumberPasswordView.m; sourceTree = "<group>"; };
		351FC0C71A867138000C52C1 /* sixNumberPasswordView.h */ = {isa = PBXFileReference; fileEncoding = 4; lastKnownFileType = sourcecode.c.h; path = sixNumberPasswordView.h; sourceTree = "<group>"; };
		351FC0C81A867138000C52C1 /* sixNumberPasswordView.xib */ = {isa = PBXFileReference; fileEncoding = 4; lastKnownFileType = file.xib; path = sixNumberPasswordView.xib; sourceTree = "<group>"; };
		357030B41A64222A003287BD /* messageCell.h */ = {isa = PBXFileReference; fileEncoding = 4; lastKnownFileType = sourcecode.c.h; path = messageCell.h; sourceTree = "<group>"; };
		357030B51A64222A003287BD /* messageCell.m */ = {isa = PBXFileReference; fileEncoding = 4; lastKnownFileType = sourcecode.c.objc; path = messageCell.m; sourceTree = "<group>"; };
		357030B61A64222A003287BD /* messageCell.xib */ = {isa = PBXFileReference; fileEncoding = 4; lastKnownFileType = file.xib; path = messageCell.xib; sourceTree = "<group>"; };
		357030B71A64222A003287BD /* messageFooterView.h */ = {isa = PBXFileReference; fileEncoding = 4; lastKnownFileType = sourcecode.c.h; path = messageFooterView.h; sourceTree = "<group>"; };
		357030B81A64222A003287BD /* messageFooterView.m */ = {isa = PBXFileReference; fileEncoding = 4; lastKnownFileType = sourcecode.c.objc; path = messageFooterView.m; sourceTree = "<group>"; };
		357030B91A64222A003287BD /* messageFooterView.xib */ = {isa = PBXFileReference; fileEncoding = 4; lastKnownFileType = file.xib; path = messageFooterView.xib; sourceTree = "<group>"; };
		357030BE1A642D85003287BD /* POSMessage.h */ = {isa = PBXFileReference; fileEncoding = 4; lastKnownFileType = sourcecode.c.h; path = POSMessage.h; sourceTree = "<group>"; };
		357030BF1A642D85003287BD /* POSMessage.m */ = {isa = PBXFileReference; fileEncoding = 4; lastKnownFileType = sourcecode.c.objc; path = POSMessage.m; sourceTree = "<group>"; };
		357030C61A68EF71003287BD /* LoginViewController.h */ = {isa = PBXFileReference; fileEncoding = 4; lastKnownFileType = sourcecode.c.h; path = LoginViewController.h; sourceTree = "<group>"; };
		357030C71A68EF71003287BD /* LoginViewController.m */ = {isa = PBXFileReference; fileEncoding = 4; lastKnownFileType = sourcecode.c.objc; path = LoginViewController.m; sourceTree = "<group>"; };
		357030C91A68EFA9003287BD /* rigisterViewController.h */ = {isa = PBXFileReference; fileEncoding = 4; lastKnownFileType = sourcecode.c.h; path = rigisterViewController.h; sourceTree = "<group>"; };
		357030CA1A68EFA9003287BD /* rigisterViewController.m */ = {isa = PBXFileReference; fileEncoding = 4; lastKnownFileType = sourcecode.c.objc; path = rigisterViewController.m; sourceTree = "<group>"; };
		357030CC1A68EFE9003287BD /* findPwdViewController.h */ = {isa = PBXFileReference; fileEncoding = 4; lastKnownFileType = sourcecode.c.h; path = findPwdViewController.h; sourceTree = "<group>"; };
		357030CD1A68EFE9003287BD /* findPwdViewController.m */ = {isa = PBXFileReference; fileEncoding = 4; lastKnownFileType = sourcecode.c.objc; path = findPwdViewController.m; sourceTree = "<group>"; };
		357030CF1A68F016003287BD /* newPwdViewController.h */ = {isa = PBXFileReference; fileEncoding = 4; lastKnownFileType = sourcecode.c.h; path = newPwdViewController.h; sourceTree = "<group>"; };
		357030D01A68F016003287BD /* newPwdViewController.m */ = {isa = PBXFileReference; fileEncoding = 4; lastKnownFileType = sourcecode.c.objc; path = newPwdViewController.m; sourceTree = "<group>"; };
		35B03E011A84E202001752A1 /* authenticationInfo.h */ = {isa = PBXFileReference; fileEncoding = 4; lastKnownFileType = sourcecode.c.h; path = authenticationInfo.h; sourceTree = "<group>"; };
		35B03E021A84E203001752A1 /* authenticationInfo.m */ = {isa = PBXFileReference; fileEncoding = 4; lastKnownFileType = sourcecode.c.objc; path = authenticationInfo.m; sourceTree = "<group>"; };
		35C817881A7FB7010066C52B /* nameAndIDController.h */ = {isa = PBXFileReference; fileEncoding = 4; lastKnownFileType = sourcecode.c.h; path = nameAndIDController.h; sourceTree = "<group>"; };
		35C817891A7FB7010066C52B /* nameAndIDController.m */ = {isa = PBXFileReference; fileEncoding = 4; lastKnownFileType = sourcecode.c.objc; path = nameAndIDController.m; sourceTree = "<group>"; };
		35C8178B1A7FB7150066C52B /* passwordController.h */ = {isa = PBXFileReference; fileEncoding = 4; lastKnownFileType = sourcecode.c.h; path = passwordController.h; sourceTree = "<group>"; };
		35C8178C1A7FB7150066C52B /* passwordController.m */ = {isa = PBXFileReference; fileEncoding = 4; lastKnownFileType = sourcecode.c.objc; path = passwordController.m; sourceTree = "<group>"; };
		35C8178E1A7FB7290066C52B /* pictureController.h */ = {isa = PBXFileReference; fileEncoding = 4; lastKnownFileType = sourcecode.c.h; path = pictureController.h; sourceTree = "<group>"; };
		35C8178F1A7FB7290066C52B /* pictureController.m */ = {isa = PBXFileReference; fileEncoding = 4; lastKnownFileType = sourcecode.c.objc; path = pictureController.m; sourceTree = "<group>"; };
		35C817911A7FB7630066C52B /* confirmController.h */ = {isa = PBXFileReference; fileEncoding = 4; lastKnownFileType = sourcecode.c.h; path = confirmController.h; sourceTree = "<group>"; };
		35C817921A7FB7630066C52B /* confirmController.m */ = {isa = PBXFileReference; fileEncoding = 4; lastKnownFileType = sourcecode.c.objc; path = confirmController.m; sourceTree = "<group>"; };
		35F063BB1A86083800964E78 /* changePasswordController.h */ = {isa = PBXFileReference; fileEncoding = 4; lastKnownFileType = sourcecode.c.h; path = changePasswordController.h; sourceTree = "<group>"; };
		35F063BC1A86083800964E78 /* changePasswordController.m */ = {isa = PBXFileReference; fileEncoding = 4; lastKnownFileType = sourcecode.c.objc; path = changePasswordController.m; sourceTree = "<group>"; };
		35F063BE1A86140D00964E78 /* chageLoginPasswordViewController.h */ = {isa = PBXFileReference; fileEncoding = 4; lastKnownFileType = sourcecode.c.h; path = chageLoginPasswordViewController.h; sourceTree = "<group>"; };
		35F063BF1A86140D00964E78 /* chageLoginPasswordViewController.m */ = {isa = PBXFileReference; fileEncoding = 4; lastKnownFileType = sourcecode.c.objc; path = chageLoginPasswordViewController.m; sourceTree = "<group>"; };
		35F063C11A86143B00964E78 /* changeTixianPasswordViewController.h */ = {isa = PBXFileReference; fileEncoding = 4; lastKnownFileType = sourcecode.c.h; path = changeTixianPasswordViewController.h; sourceTree = "<group>"; };
		35F063C21A86143B00964E78 /* changeTixianPasswordViewController.m */ = {isa = PBXFileReference; fileEncoding = 4; lastKnownFileType = sourcecode.c.objc; path = changeTixianPasswordViewController.m; sourceTree = "<group>"; };
		763F4C2F295761E49E0D5B3C /* Pods.debug.xcconfig */ = {isa = PBXFileReference; includeInIndex = 1; lastKnownFileType = text.xcconfig; name = Pods.debug.xcconfig; path = "Pods/Target Support Files/Pods/Pods.debug.xcconfig"; sourceTree = "<group>"; };
		E138A51BF58E0C2B98A69FB6 /* Pods.release.xcconfig */ = {isa = PBXFileReference; includeInIndex = 1; lastKnownFileType = text.xcconfig; name = Pods.release.xcconfig; path = "Pods/Target Support Files/Pods/Pods.release.xcconfig"; sourceTree = "<group>"; };
		E24DD7CA1A82E61A00E75206 /* POSPasswordView.h */ = {isa = PBXFileReference; fileEncoding = 4; lastKnownFileType = sourcecode.c.h; path = POSPasswordView.h; sourceTree = "<group>"; };
		E24DD7CB1A82E61A00E75206 /* POSPasswordView.m */ = {isa = PBXFileReference; fileEncoding = 4; lastKnownFileType = sourcecode.c.objc; path = POSPasswordView.m; sourceTree = "<group>"; };
		E24DD7CD1A82E62900E75206 /* POSPasswordView.xib */ = {isa = PBXFileReference; fileEncoding = 4; lastKnownFileType = file.xib; path = POSPasswordView.xib; sourceTree = "<group>"; };
		E2B0141D1A87DE8D0076FB8A /* POSEnterCardIdViewController.h */ = {isa = PBXFileReference; fileEncoding = 4; lastKnownFileType = sourcecode.c.h; path = POSEnterCardIdViewController.h; sourceTree = "<group>"; };
		E2B0141E1A87DE8D0076FB8A /* POSEnterCardIdViewController.m */ = {isa = PBXFileReference; fileEncoding = 4; lastKnownFileType = sourcecode.c.objc; path = POSEnterCardIdViewController.m; sourceTree = "<group>"; };
		E2B0141F1A87DE8D0076FB8A /* POSEnterCardIdViewController.xib */ = {isa = PBXFileReference; fileEncoding = 4; lastKnownFileType = file.xib; path = POSEnterCardIdViewController.xib; sourceTree = "<group>"; };
		E2B014221A87E01C0076FB8A /* POSEnterCardInfoViewController.h */ = {isa = PBXFileReference; fileEncoding = 4; lastKnownFileType = sourcecode.c.h; path = POSEnterCardInfoViewController.h; sourceTree = "<group>"; };
		E2B014231A87E01C0076FB8A /* POSEnterCardInfoViewController.m */ = {isa = PBXFileReference; fileEncoding = 4; lastKnownFileType = sourcecode.c.objc; path = POSEnterCardInfoViewController.m; sourceTree = "<group>"; };
		E2B014241A87E01C0076FB8A /* POSEnterCardInfoViewController.xib */ = {isa = PBXFileReference; fileEncoding = 4; lastKnownFileType = file.xib; path = POSEnterCardInfoViewController.xib; sourceTree = "<group>"; };
		F243AFDE1A75562600324F95 /* POSPickerView.h */ = {isa = PBXFileReference; fileEncoding = 4; lastKnownFileType = sourcecode.c.h; path = POSPickerView.h; sourceTree = "<group>"; };
		F243AFDF1A75562600324F95 /* POSPickerView.m */ = {isa = PBXFileReference; fileEncoding = 4; lastKnownFileType = sourcecode.c.objc; path = POSPickerView.m; sourceTree = "<group>"; };
		F243AFE11A75563C00324F95 /* POSPickerView.xib */ = {isa = PBXFileReference; fileEncoding = 4; lastKnownFileType = file.xib; path = POSPickerView.xib; sourceTree = "<group>"; };
		F243AFE31A75668300324F95 /* POSCardPaymentOrderViewController.h */ = {isa = PBXFileReference; fileEncoding = 4; lastKnownFileType = sourcecode.c.h; path = POSCardPaymentOrderViewController.h; sourceTree = "<group>"; };
		F243AFE41A75668300324F95 /* POSCardPaymentOrderViewController.m */ = {isa = PBXFileReference; fileEncoding = 4; lastKnownFileType = sourcecode.c.objc; path = POSCardPaymentOrderViewController.m; sourceTree = "<group>"; };
		F243AFE51A75668300324F95 /* POSCardPaymentOrderViewController.xib */ = {isa = PBXFileReference; fileEncoding = 4; lastKnownFileType = file.xib; path = POSCardPaymentOrderViewController.xib; sourceTree = "<group>"; };
		F28200001A5C71F400074ADA /* POSAboutProductController.h */ = {isa = PBXFileReference; fileEncoding = 4; lastKnownFileType = sourcecode.c.h; path = POSAboutProductController.h; sourceTree = "<group>"; };
		F28200011A5C71F400074ADA /* POSAboutProductController.m */ = {isa = PBXFileReference; fileEncoding = 4; lastKnownFileType = sourcecode.c.objc; path = POSAboutProductController.m; sourceTree = "<group>"; };
		F28200021A5C71F400074ADA /* POSAboutProductController.xib */ = {isa = PBXFileReference; fileEncoding = 4; lastKnownFileType = file.xib; path = POSAboutProductController.xib; sourceTree = "<group>"; };
		F28200061A5D82E500074ADA /* POSCardPaymentController.h */ = {isa = PBXFileReference; fileEncoding = 4; lastKnownFileType = sourcecode.c.h; path = POSCardPaymentController.h; sourceTree = "<group>"; };
		F28200071A5D82E500074ADA /* POSCardPaymentController.m */ = {isa = PBXFileReference; fileEncoding = 4; lastKnownFileType = sourcecode.c.objc; path = POSCardPaymentController.m; sourceTree = "<group>"; };
		F28200081A5D82E500074ADA /* POSCardPaymentController.xib */ = {isa = PBXFileReference; fileEncoding = 4; lastKnownFileType = file.xib; path = POSCardPaymentController.xib; sourceTree = "<group>"; };
		F282000B1A5DABB700074ADA /* POSNoCardPaymentController.h */ = {isa = PBXFileReference; fileEncoding = 4; lastKnownFileType = sourcecode.c.h; path = POSNoCardPaymentController.h; sourceTree = "<group>"; };
		F282000C1A5DABB700074ADA /* POSNoCardPaymentController.m */ = {isa = PBXFileReference; fileEncoding = 4; lastKnownFileType = sourcecode.c.objc; path = POSNoCardPaymentController.m; sourceTree = "<group>"; };
		F282000D1A5DABB700074ADA /* POSNoCardPaymentController.xib */ = {isa = PBXFileReference; fileEncoding = 4; lastKnownFileType = file.xib; path = POSNoCardPaymentController.xib; sourceTree = "<group>"; };
		F28200121A5DB4D900074ADA /* POSPaymentResultController.h */ = {isa = PBXFileReference; fileEncoding = 4; lastKnownFileType = sourcecode.c.h; path = POSPaymentResultController.h; sourceTree = "<group>"; };
		F28200131A5DB4D900074ADA /* POSPaymentResultController.m */ = {isa = PBXFileReference; fileEncoding = 4; lastKnownFileType = sourcecode.c.objc; path = POSPaymentResultController.m; sourceTree = "<group>"; };
		F28200141A5DB4D900074ADA /* POSPaymentResultController.xib */ = {isa = PBXFileReference; fileEncoding = 4; lastKnownFileType = file.xib; path = POSPaymentResultController.xib; sourceTree = "<group>"; };
		F282001A1A5DB8CD00074ADA /* POSAlertView.xib */ = {isa = PBXFileReference; fileEncoding = 4; lastKnownFileType = file.xib; path = POSAlertView.xib; sourceTree = "<group>"; };
		F282001D1A5DBE9300074ADA /* POSAlertView.h */ = {isa = PBXFileReference; fileEncoding = 4; lastKnownFileType = sourcecode.c.h; path = POSAlertView.h; sourceTree = "<group>"; };
		F282001E1A5DBE9300074ADA /* POSAlertView.m */ = {isa = PBXFileReference; fileEncoding = 4; lastKnownFileType = sourcecode.c.objc; path = POSAlertView.m; sourceTree = "<group>"; };
		F282FFFA1A5C54CC00074ADA /* POSAccountTopCell.h */ = {isa = PBXFileReference; fileEncoding = 4; lastKnownFileType = sourcecode.c.h; path = POSAccountTopCell.h; sourceTree = "<group>"; };
		F282FFFB1A5C54CC00074ADA /* POSAccountTopCell.m */ = {isa = PBXFileReference; fileEncoding = 4; lastKnownFileType = sourcecode.c.objc; path = POSAccountTopCell.m; sourceTree = "<group>"; };
		F282FFFC1A5C54CC00074ADA /* POSAccountTopCell.xib */ = {isa = PBXFileReference; fileEncoding = 4; lastKnownFileType = file.xib; path = POSAccountTopCell.xib; sourceTree = "<group>"; };
		F2C3C8E21A5AFCED0021236C /* POSAccountViewController.h */ = {isa = PBXFileReference; fileEncoding = 4; lastKnownFileType = sourcecode.c.h; path = POSAccountViewController.h; sourceTree = "<group>"; };
		F2C3C8E31A5AFCED0021236C /* POSAccountViewController.m */ = {isa = PBXFileReference; fileEncoding = 4; lastKnownFileType = sourcecode.c.objc; path = POSAccountViewController.m; sourceTree = "<group>"; };
		F2C3C8E41A5AFCED0021236C /* POSAccountViewController.xib */ = {isa = PBXFileReference; fileEncoding = 4; lastKnownFileType = file.xib; path = POSAccountViewController.xib; sourceTree = "<group>"; };
/* End PBXFileReference section */

/* Begin PBXFrameworksBuildPhase section */
		0EC58DE41A55EBBA00F2B391 /* Frameworks */ = {
			isa = PBXFrameworksBuildPhase;
			buildActionMask = 2147483647;
			files = (
				0041D5F340DEBB9CEEA3C73B /* libPods.a in Frameworks */,
				0EB4658F1A58500A002B240E /* MESDK.framework in Frameworks */,
			);
			runOnlyForDeploymentPostprocessing = 0;
		};
		0EC58E001A55EBBA00F2B391 /* Frameworks */ = {
			isa = PBXFrameworksBuildPhase;
			buildActionMask = 2147483647;
			files = (
			);
			runOnlyForDeploymentPostprocessing = 0;
		};
/* End PBXFrameworksBuildPhase section */

/* Begin PBXGroup section */
		0E224A121A87CC7B00C578CB /* METest */ = {
			isa = PBXGroup;
			children = (
				0E224A1B1A87CFE600C578CB /* BaseTest.h */,
				0E224A1C1A87CFE600C578CB /* BaseTest.m */,
				0E224A1D1A87CFE600C578CB /* CalcMacTest.h */,
				0E224A1E1A87CFE600C578CB /* CalcMacTest.m */,
				0E224A1F1A87CFE600C578CB /* ConsumeTest.h */,
				0E224A201A87CFE600C578CB /* ConsumeTest.m */,
				0E224A211A87CFE600C578CB /* ME11Test.h */,
				0E224A221A87CFE600C578CB /* ME11Test.m */,
				0E224A231A87CFE600C578CB /* NLDump.h */,
				0E224A241A87CFE600C578CB /* NLISOUtils.h */,
				0E224A251A87CFE600C578CB /* PageViewController.h */,
				0E224A261A87CFE600C578CB /* PageViewController.m */,
				0E224A271A87CFE600C578CB /* PageViewController.xib */,
				0E224A281A87CFE600C578CB /* PBOCTest.h */,
				0E224A291A87CFE600C578CB /* PBOCTest.m */,
				0E224A2A1A87CFE600C578CB /* PinInputTest.h */,
				0E224A2B1A87CFE600C578CB /* PinInputTest.m */,
				0E224A2C1A87CFE600C578CB /* PrintTest.h */,
				0E224A2D1A87CFE600C578CB /* PrintTest.m */,
				0E224A2E1A87CFE600C578CB /* SwipeTest.h */,
				0E224A2F1A87CFE600C578CB /* SwipeTest.m */,
			);
			name = METest;
			sourceTree = "<group>";
		};
		0E224A3A1A87D25A00C578CB /* FingerPaint */ = {
			isa = PBXGroup;
			children = (
				0E224A3B1A87D3A200C578CB /* PaintingView.h */,
				0E224A3C1A87D3A200C578CB /* PaintingView.m */,
				0E224A3D1A87D3A200C578CB /* PaintingWindow.h */,
				0E224A3E1A87D3A200C578CB /* PaintingWindow.m */,
				0E224A411A87D40200C578CB /* POSPaintViewController.h */,
				0E224A421A87D40200C578CB /* POSPaintViewController.m */,
				0E224A431A87D40200C578CB /* POSPaintViewController.xib */,
			);
			name = FingerPaint;
			sourceTree = "<group>";
		};
		0EB4658B1A584EA9002B240E /* Login */ = {
			isa = PBXGroup;
			children = (
				357030C61A68EF71003287BD /* LoginViewController.h */,
				357030C71A68EF71003287BD /* LoginViewController.m */,
				357030C91A68EFA9003287BD /* rigisterViewController.h */,
				357030CA1A68EFA9003287BD /* rigisterViewController.m */,
				357030CC1A68EFE9003287BD /* findPwdViewController.h */,
				357030CD1A68EFE9003287BD /* findPwdViewController.m */,
				357030CF1A68F016003287BD /* newPwdViewController.h */,
				357030D01A68F016003287BD /* newPwdViewController.m */,
			);
			name = Login;
			sourceTree = "<group>";
		};
		0EB4658C1A584EB7002B240E /* Index */ = {
			isa = PBXGroup;
			children = (
			);
			name = Index;
			sourceTree = "<group>";
		};
		0EB4658D1A584FFD002B240E /* SDK */ = {
			isa = PBXGroup;
			children = (
				0EB4658E1A58500A002B240E /* MESDK.framework */,
			);
			name = SDK;
			sourceTree = "<group>";
		};
		0EB465951A58514D002B240E /* Application */ = {
			isa = PBXGroup;
			children = (
				0EC58DF11A55EBBA00F2B391 /* POSIndexViewController.h */,
				0EC58DF21A55EBBA00F2B391 /* POSIndexViewController.m */,
			);
			name = Application;
			sourceTree = "<group>";
		};
		0EB465961A58515C002B240E /* Message */ = {
			isa = PBXGroup;
			children = (
				0EC58DF41A55EBBA00F2B391 /* POSMessageViewController.h */,
				0EC58DF51A55EBBA00F2B391 /* POSMessageViewController.m */,
				357030B41A64222A003287BD /* messageCell.h */,
				357030B51A64222A003287BD /* messageCell.m */,
				357030B61A64222A003287BD /* messageCell.xib */,
				357030B71A64222A003287BD /* messageFooterView.h */,
				357030B81A64222A003287BD /* messageFooterView.m */,
				357030B91A64222A003287BD /* messageFooterView.xib */,
			);
			name = Message;
			sourceTree = "<group>";
		};
		0EB465971A585169002B240E /* Account */ = {
			isa = PBXGroup;
			children = (
				F2C3C8E71A5AFDFA0021236C /* cell */,
				35C8177B1A7FB5D90066C52B /* Authentication */,
				35F063BA1A8607B100964E78 /* ChangePassword */,
				F2C3C8E21A5AFCED0021236C /* POSAccountViewController.h */,
				F2C3C8E31A5AFCED0021236C /* POSAccountViewController.m */,
				F2C3C8E41A5AFCED0021236C /* POSAccountViewController.xib */,
				F28200001A5C71F400074ADA /* POSAboutProductController.h */,
				F28200011A5C71F400074ADA /* POSAboutProductController.m */,
				F28200021A5C71F400074ADA /* POSAboutProductController.xib */,
			);
			name = Account;
			sourceTree = "<group>";
		};
		0EB465981A58517A002B240E /* ViewController */ = {
			isa = PBXGroup;
			children = (
				F28200051A5D81EF00074ADA /* Payment */,
				0EB4658C1A584EB7002B240E /* Index */,
				0EB4658B1A584EA9002B240E /* Login */,
				0EB465951A58514D002B240E /* Application */,
				0EB465961A58515C002B240E /* Message */,
				0EB465971A585169002B240E /* Account */,
			);
			name = ViewController;
			sourceTree = "<group>";
		};
		0EC58DDE1A55EBBA00F2B391 = {
			isa = PBXGroup;
			children = (
				0EC58DE91A55EBBA00F2B391 /* POSPay */,
				0EC58E061A55EBBA00F2B391 /* POSPayTests */,
				0EC58DE81A55EBBA00F2B391 /* Products */,
				6B66939FA4C93B2675D2D152 /* Pods */,
				C8CC537A5174372640A0F819 /* Frameworks */,
			);
			sourceTree = "<group>";
		};
		0EC58DE81A55EBBA00F2B391 /* Products */ = {
			isa = PBXGroup;
			children = (
				0EC58DE71A55EBBA00F2B391 /* POSPay.app */,
				0EC58E031A55EBBA00F2B391 /* POSPayTests.xctest */,
			);
			name = Products;
			sourceTree = "<group>";
		};
		0EC58DE91A55EBBA00F2B391 /* POSPay */ = {
			isa = PBXGroup;
			children = (
				0E224A3A1A87D25A00C578CB /* FingerPaint */,
				0E224A121A87CC7B00C578CB /* METest */,
				F282FFFF1A5C571600074ADA /* Models */,
				0ECCE76C1A599220001ECBD9 /* Tools */,
				0EB465981A58517A002B240E /* ViewController */,
				0EB4658D1A584FFD002B240E /* SDK */,
				0EC58DEE1A55EBBA00F2B391 /* AppDelegate.h */,
				0EC58DEF1A55EBBA00F2B391 /* AppDelegate.m */,
				0EC58DF71A55EBBA00F2B391 /* Main.storyboard */,
				0EC58DFA1A55EBBA00F2B391 /* Images.xcassets */,
				0EC58DFC1A55EBBA00F2B391 /* LaunchScreen.xib */,
				0EC58DEA1A55EBBA00F2B391 /* Supporting Files */,
			);
			path = POSPay;
			sourceTree = "<group>";
		};
		0EC58DEA1A55EBBA00F2B391 /* Supporting Files */ = {
			isa = PBXGroup;
			children = (
				0EC58DEB1A55EBBA00F2B391 /* Info.plist */,
				0EC58DEC1A55EBBA00F2B391 /* main.m */,
			);
			name = "Supporting Files";
			sourceTree = "<group>";
		};
		0EC58E061A55EBBA00F2B391 /* POSPayTests */ = {
			isa = PBXGroup;
			children = (
				0EC58E091A55EBBA00F2B391 /* POSPayTests.m */,
				0EC58E071A55EBBA00F2B391 /* Supporting Files */,
			);
			path = POSPayTests;
			sourceTree = "<group>";
		};
		0EC58E071A55EBBA00F2B391 /* Supporting Files */ = {
			isa = PBXGroup;
			children = (
				0EC58E081A55EBBA00F2B391 /* Info.plist */,
			);
			name = "Supporting Files";
			sourceTree = "<group>";
		};
		0ECCE76C1A599220001ECBD9 /* Tools */ = {
			isa = PBXGroup;
			children = (
				0E7512DA1A695C60007F6D6E /* AppConstants.h */,
				0E7512DB1A695C60007F6D6E /* AppConstants.m */,
				0E7512DC1A695C60007F6D6E /* NetRequestInterface.h */,
				0E7512DD1A695C60007F6D6E /* NetRequestInterface.m */,
				0ECCE76D1A599256001ECBD9 /* Util.h */,
				0ECCE76E1A599256001ECBD9 /* Util.m */,
				0ECCE7701A599873001ECBD9 /* GTMBase64.h */,
				0ECCE7711A599873001ECBD9 /* GTMBase64.m */,
				0ECCE7731A599952001ECBD9 /* GTMDefines.h */,
				0E7512E31A6E961F007F6D6E /* PrefixHeader.pch */,
				351FC0C71A867138000C52C1 /* sixNumberPasswordView.h */,
				351FC0C61A867138000C52C1 /* sixNumberPasswordView.m */,
				351FC0C81A867138000C52C1 /* sixNumberPasswordView.xib */,
			);
			name = Tools;
			sourceTree = "<group>";
		};
		35C8177B1A7FB5D90066C52B /* Authentication */ = {
			isa = PBXGroup;
			children = (
				35C817881A7FB7010066C52B /* nameAndIDController.h */,
				35C817891A7FB7010066C52B /* nameAndIDController.m */,
				35C8178B1A7FB7150066C52B /* passwordController.h */,
				35C8178C1A7FB7150066C52B /* passwordController.m */,
				35C8178E1A7FB7290066C52B /* pictureController.h */,
				35C8178F1A7FB7290066C52B /* pictureController.m */,
				35C817911A7FB7630066C52B /* confirmController.h */,
				35C817921A7FB7630066C52B /* confirmController.m */,
			);
			name = Authentication;
			sourceTree = "<group>";
		};
		35F063BA1A8607B100964E78 /* ChangePassword */ = {
			isa = PBXGroup;
			children = (
				35F063BB1A86083800964E78 /* changePasswordController.h */,
				35F063BC1A86083800964E78 /* changePasswordController.m */,
				35F063BE1A86140D00964E78 /* chageLoginPasswordViewController.h */,
				35F063BF1A86140D00964E78 /* chageLoginPasswordViewController.m */,
				35F063C11A86143B00964E78 /* changeTixianPasswordViewController.h */,
				35F063C21A86143B00964E78 /* changeTixianPasswordViewController.m */,
			);
			name = ChangePassword;
			sourceTree = "<group>";
		};
		6B66939FA4C93B2675D2D152 /* Pods */ = {
			isa = PBXGroup;
			children = (
				763F4C2F295761E49E0D5B3C /* Pods.debug.xcconfig */,
				E138A51BF58E0C2B98A69FB6 /* Pods.release.xcconfig */,
			);
			name = Pods;
			sourceTree = "<group>";
		};
		C8CC537A5174372640A0F819 /* Frameworks */ = {
			isa = PBXGroup;
			children = (
				25735EE90FBB0B03B308AC42 /* libPods.a */,
			);
			name = Frameworks;
			sourceTree = "<group>";
		};
		F243AFDD1A75560700324F95 /* view */ = {
			isa = PBXGroup;
			children = (
				F282001D1A5DBE9300074ADA /* POSAlertView.h */,
				F282001E1A5DBE9300074ADA /* POSAlertView.m */,
				F282001A1A5DB8CD00074ADA /* POSAlertView.xib */,
				F243AFDE1A75562600324F95 /* POSPickerView.h */,
				F243AFDF1A75562600324F95 /* POSPickerView.m */,
				F243AFE11A75563C00324F95 /* POSPickerView.xib */,
				E24DD7CA1A82E61A00E75206 /* POSPasswordView.h */,
				E24DD7CB1A82E61A00E75206 /* POSPasswordView.m */,
				E24DD7CD1A82E62900E75206 /* POSPasswordView.xib */,
			);
			name = view;
			sourceTree = "<group>";
		};
		F28200051A5D81EF00074ADA /* Payment */ = {
			isa = PBXGroup;
			children = (
				F243AFDD1A75560700324F95 /* view */,
				F28200111A5DB49500074ADA /* NoCardPayment */,
				F28200101A5DB41600074ADA /* CardPayment */,
				F28200121A5DB4D900074ADA /* POSPaymentResultController.h */,
				F28200131A5DB4D900074ADA /* POSPaymentResultController.m */,
				F28200141A5DB4D900074ADA /* POSPaymentResultController.xib */,
			);
			name = Payment;
			sourceTree = "<group>";
		};
		F28200101A5DB41600074ADA /* CardPayment */ = {
			isa = PBXGroup;
			children = (
				F28200061A5D82E500074ADA /* POSCardPaymentController.h */,
				F28200071A5D82E500074ADA /* POSCardPaymentController.m */,
				F28200081A5D82E500074ADA /* POSCardPaymentController.xib */,
				F243AFE31A75668300324F95 /* POSCardPaymentOrderViewController.h */,
				F243AFE41A75668300324F95 /* POSCardPaymentOrderViewController.m */,
				F243AFE51A75668300324F95 /* POSCardPaymentOrderViewController.xib */,
			);
			name = CardPayment;
			sourceTree = "<group>";
		};
		F28200111A5DB49500074ADA /* NoCardPayment */ = {
			isa = PBXGroup;
			children = (
				F282000B1A5DABB700074ADA /* POSNoCardPaymentController.h */,
				F282000C1A5DABB700074ADA /* POSNoCardPaymentController.m */,
				F282000D1A5DABB700074ADA /* POSNoCardPaymentController.xib */,
				E2B0141D1A87DE8D0076FB8A /* POSEnterCardIdViewController.h */,
				E2B0141E1A87DE8D0076FB8A /* POSEnterCardIdViewController.m */,
				E2B0141F1A87DE8D0076FB8A /* POSEnterCardIdViewController.xib */,
				E2B014221A87E01C0076FB8A /* POSEnterCardInfoViewController.h */,
				E2B014231A87E01C0076FB8A /* POSEnterCardInfoViewController.m */,
				E2B014241A87E01C0076FB8A /* POSEnterCardInfoViewController.xib */,
			);
			name = NoCardPayment;
			sourceTree = "<group>";
		};
		F282FFFF1A5C571600074ADA /* Models */ = {
			isa = PBXGroup;
			children = (
				357030BE1A642D85003287BD /* POSMessage.h */,
				357030BF1A642D85003287BD /* POSMessage.m */,
				0E7512E01A696657007F6D6E /* UserInfo.h */,
				0E7512E11A696657007F6D6E /* UserInfo.m */,
				35B03E011A84E202001752A1 /* authenticationInfo.h */,
				35B03E021A84E203001752A1 /* authenticationInfo.m */,
			);
			name = Models;
			sourceTree = "<group>";
		};
		F2C3C8E71A5AFDFA0021236C /* cell */ = {
			isa = PBXGroup;
			children = (
				F282FFFA1A5C54CC00074ADA /* POSAccountTopCell.h */,
				F282FFFB1A5C54CC00074ADA /* POSAccountTopCell.m */,
				F282FFFC1A5C54CC00074ADA /* POSAccountTopCell.xib */,
			);
			name = cell;
			sourceTree = "<group>";
		};
/* End PBXGroup section */

/* Begin PBXNativeTarget section */
		0EC58DE61A55EBBA00F2B391 /* POSPay */ = {
			isa = PBXNativeTarget;
			buildConfigurationList = 0EC58E0D1A55EBBA00F2B391 /* Build configuration list for PBXNativeTarget "POSPay" */;
			buildPhases = (
				276C43F13CE37F054B835BD9 /* Check Pods Manifest.lock */,
				0EC58DE31A55EBBA00F2B391 /* Sources */,
				0EC58DE41A55EBBA00F2B391 /* Frameworks */,
				0EC58DE51A55EBBA00F2B391 /* Resources */,
				349405DE95F2E308A7767C2E /* Copy Pods Resources */,
			);
			buildRules = (
			);
			dependencies = (
			);
			name = POSPay;
			productName = POSPay;
			productReference = 0EC58DE71A55EBBA00F2B391 /* POSPay.app */;
			productType = "com.apple.product-type.application";
		};
		0EC58E021A55EBBA00F2B391 /* POSPayTests */ = {
			isa = PBXNativeTarget;
			buildConfigurationList = 0EC58E101A55EBBA00F2B391 /* Build configuration list for PBXNativeTarget "POSPayTests" */;
			buildPhases = (
				0EC58DFF1A55EBBA00F2B391 /* Sources */,
				0EC58E001A55EBBA00F2B391 /* Frameworks */,
				0EC58E011A55EBBA00F2B391 /* Resources */,
			);
			buildRules = (
			);
			dependencies = (
				0EC58E051A55EBBA00F2B391 /* PBXTargetDependency */,
			);
			name = POSPayTests;
			productName = POSPayTests;
			productReference = 0EC58E031A55EBBA00F2B391 /* POSPayTests.xctest */;
			productType = "com.apple.product-type.bundle.unit-test";
		};
/* End PBXNativeTarget section */

/* Begin PBXProject section */
		0EC58DDF1A55EBBA00F2B391 /* Project object */ = {
			isa = PBXProject;
			attributes = {
				LastUpgradeCheck = 0610;
				ORGANIZATIONNAME = mqq.com;
				TargetAttributes = {
					0EC58DE61A55EBBA00F2B391 = {
						CreatedOnToolsVersion = 6.1;
					};
					0EC58E021A55EBBA00F2B391 = {
						CreatedOnToolsVersion = 6.1;
						TestTargetID = 0EC58DE61A55EBBA00F2B391;
					};
				};
			};
			buildConfigurationList = 0EC58DE21A55EBBA00F2B391 /* Build configuration list for PBXProject "POSPay" */;
			compatibilityVersion = "Xcode 3.2";
			developmentRegion = English;
			hasScannedForEncodings = 0;
			knownRegions = (
				en,
				Base,
			);
			mainGroup = 0EC58DDE1A55EBBA00F2B391;
			productRefGroup = 0EC58DE81A55EBBA00F2B391 /* Products */;
			projectDirPath = "";
			projectRoot = "";
			targets = (
				0EC58DE61A55EBBA00F2B391 /* POSPay */,
				0EC58E021A55EBBA00F2B391 /* POSPayTests */,
			);
		};
/* End PBXProject section */

/* Begin PBXResourcesBuildPhase section */
		0EC58DE51A55EBBA00F2B391 /* Resources */ = {
			isa = PBXResourcesBuildPhase;
			buildActionMask = 2147483647;
			files = (
				F282000A1A5D82E500074ADA /* POSCardPaymentController.xib in Resources */,
				F243AFE71A75668300324F95 /* POSCardPaymentOrderViewController.xib in Resources */,
				F28200161A5DB4D900074ADA /* POSPaymentResultController.xib in Resources */,
				E2B014211A87DE8D0076FB8A /* POSEnterCardIdViewController.xib in Resources */,
				0EC58DF91A55EBBA00F2B391 /* Main.storyboard in Resources */,
				F282000F1A5DABB700074ADA /* POSNoCardPaymentController.xib in Resources */,
				0E224A351A87CFE600C578CB /* PageViewController.xib in Resources */,
				351FC0CA1A867138000C52C1 /* sixNumberPasswordView.xib in Resources */,
				F243AFE21A75563C00324F95 /* POSPickerView.xib in Resources */,
				F2C3C8E61A5AFCED0021236C /* POSAccountViewController.xib in Resources */,
				F28200041A5C71F400074ADA /* POSAboutProductController.xib in Resources */,
				E24DD7CE1A82E62900E75206 /* POSPasswordView.xib in Resources */,
				0EC58DFE1A55EBBA00F2B391 /* LaunchScreen.xib in Resources */,
				F282FFFE1A5C54CC00074ADA /* POSAccountTopCell.xib in Resources */,
				357030BD1A64222A003287BD /* messageFooterView.xib in Resources */,
				0E224A451A87D40200C578CB /* POSPaintViewController.xib in Resources */,
				F282001C1A5DB8CD00074ADA /* POSAlertView.xib in Resources */,
				0EC58DFB1A55EBBA00F2B391 /* Images.xcassets in Resources */,
				E2B014261A87E01C0076FB8A /* POSEnterCardInfoViewController.xib in Resources */,
				357030BB1A64222A003287BD /* messageCell.xib in Resources */,
			);
			runOnlyForDeploymentPostprocessing = 0;
		};
		0EC58E011A55EBBA00F2B391 /* Resources */ = {
			isa = PBXResourcesBuildPhase;
			buildActionMask = 2147483647;
			files = (
			);
			runOnlyForDeploymentPostprocessing = 0;
		};
/* End PBXResourcesBuildPhase section */

/* Begin PBXShellScriptBuildPhase section */
		276C43F13CE37F054B835BD9 /* Check Pods Manifest.lock */ = {
			isa = PBXShellScriptBuildPhase;
			buildActionMask = 2147483647;
			files = (
			);
			inputPaths = (
			);
			name = "Check Pods Manifest.lock";
			outputPaths = (
			);
			runOnlyForDeploymentPostprocessing = 0;
			shellPath = /bin/sh;
			shellScript = "diff \"${PODS_ROOT}/../Podfile.lock\" \"${PODS_ROOT}/Manifest.lock\" > /dev/null\nif [[ $? != 0 ]] ; then\n    cat << EOM\nerror: The sandbox is not in sync with the Podfile.lock. Run 'pod install' or update your CocoaPods installation.\nEOM\n    exit 1\nfi\n";
			showEnvVarsInLog = 0;
		};
		349405DE95F2E308A7767C2E /* Copy Pods Resources */ = {
			isa = PBXShellScriptBuildPhase;
			buildActionMask = 2147483647;
			files = (
			);
			inputPaths = (
			);
			name = "Copy Pods Resources";
			outputPaths = (
			);
			runOnlyForDeploymentPostprocessing = 0;
			shellPath = /bin/sh;
			shellScript = "\"${SRCROOT}/Pods/Target Support Files/Pods/Pods-resources.sh\"\n";
			showEnvVarsInLog = 0;
		};
/* End PBXShellScriptBuildPhase section */

/* Begin PBXSourcesBuildPhase section */
		0EC58DE31A55EBBA00F2B391 /* Sources */ = {
			isa = PBXSourcesBuildPhase;
			buildActionMask = 2147483647;
			files = (
				F282FFFD1A5C54CC00074ADA /* POSAccountTopCell.m in Sources */,
				0E7512DE1A695C60007F6D6E /* AppConstants.m in Sources */,
				35C8178D1A7FB7150066C52B /* passwordController.m in Sources */,
				0E224A341A87CFE600C578CB /* PageViewController.m in Sources */,
				35C817931A7FB7630066C52B /* confirmController.m in Sources */,
				0E224A381A87CFE600C578CB /* PrintTest.m in Sources */,
				0E224A391A87CFE600C578CB /* SwipeTest.m in Sources */,
				35F063C01A86140D00964E78 /* chageLoginPasswordViewController.m in Sources */,
				0E224A371A87CFE600C578CB /* PinInputTest.m in Sources */,
				E24DD7CC1A82E61A00E75206 /* POSPasswordView.m in Sources */,
				F282000E1A5DABB700074ADA /* POSNoCardPaymentController.m in Sources */,
				0EC58DF61A55EBBA00F2B391 /* POSMessageViewController.m in Sources */,
				35F063C31A86143B00964E78 /* changeTixianPasswordViewController.m in Sources */,
				357030C81A68EF71003287BD /* LoginViewController.m in Sources */,
				F243AFE01A75562600324F95 /* POSPickerView.m in Sources */,
				E2B014201A87DE8D0076FB8A /* POSEnterCardIdViewController.m in Sources */,
				357030C01A642D85003287BD /* POSMessage.m in Sources */,
				0E224A321A87CFE600C578CB /* ConsumeTest.m in Sources */,
				0E224A401A87D3A200C578CB /* PaintingWindow.m in Sources */,
				0E224A3F1A87D3A200C578CB /* PaintingView.m in Sources */,
				0E224A301A87CFE600C578CB /* BaseTest.m in Sources */,
				F243AFE61A75668300324F95 /* POSCardPaymentOrderViewController.m in Sources */,
				0E7512E21A696657007F6D6E /* UserInfo.m in Sources */,
				0EC58DF01A55EBBA00F2B391 /* AppDelegate.m in Sources */,
				0E224A441A87D40200C578CB /* POSPaintViewController.m in Sources */,
				357030D11A68F016003287BD /* newPwdViewController.m in Sources */,
				0E224A361A87CFE600C578CB /* PBOCTest.m in Sources */,
				0E224A311A87CFE600C578CB /* CalcMacTest.m in Sources */,
				0EC58DF31A55EBBA00F2B391 /* POSIndexViewController.m in Sources */,
				0E224A331A87CFE600C578CB /* ME11Test.m in Sources */,
				35B03E031A84E203001752A1 /* authenticationInfo.m in Sources */,
				35C8178A1A7FB7010066C52B /* nameAndIDController.m in Sources */,
				0EC58DED1A55EBBA00F2B391 /* main.m in Sources */,
				35F063BD1A86083800964E78 /* changePasswordController.m in Sources */,
				351FC0C91A867138000C52C1 /* sixNumberPasswordView.m in Sources */,
				357030CB1A68EFA9003287BD /* rigisterViewController.m in Sources */,
				F28200151A5DB4D900074ADA /* POSPaymentResultController.m in Sources */,
				F28200031A5C71F400074ADA /* POSAboutProductController.m in Sources */,
				0ECCE76F1A599256001ECBD9 /* Util.m in Sources */,
				357030CE1A68EFE9003287BD /* findPwdViewController.m in Sources */,
				0E7512DF1A695C60007F6D6E /* NetRequestInterface.m in Sources */,
				357030BA1A64222A003287BD /* messageCell.m in Sources */,
				35C817901A7FB7290066C52B /* pictureController.m in Sources */,
				0ECCE7721A599873001ECBD9 /* GTMBase64.m in Sources */,
				F2C3C8E51A5AFCED0021236C /* POSAccountViewController.m in Sources */,
				E2B014251A87E01C0076FB8A /* POSEnterCardInfoViewController.m in Sources */,
				357030BC1A64222A003287BD /* messageFooterView.m in Sources */,
				F282001F1A5DBE9300074ADA /* POSAlertView.m in Sources */,
				F28200091A5D82E500074ADA /* POSCardPaymentController.m in Sources */,
			);
			runOnlyForDeploymentPostprocessing = 0;
		};
		0EC58DFF1A55EBBA00F2B391 /* Sources */ = {
			isa = PBXSourcesBuildPhase;
			buildActionMask = 2147483647;
			files = (
				0EC58E0A1A55EBBA00F2B391 /* POSPayTests.m in Sources */,
			);
			runOnlyForDeploymentPostprocessing = 0;
		};
/* End PBXSourcesBuildPhase section */

/* Begin PBXTargetDependency section */
		0EC58E051A55EBBA00F2B391 /* PBXTargetDependency */ = {
			isa = PBXTargetDependency;
			target = 0EC58DE61A55EBBA00F2B391 /* POSPay */;
			targetProxy = 0EC58E041A55EBBA00F2B391 /* PBXContainerItemProxy */;
		};
/* End PBXTargetDependency section */

/* Begin PBXVariantGroup section */
		0EC58DF71A55EBBA00F2B391 /* Main.storyboard */ = {
			isa = PBXVariantGroup;
			children = (
				0EC58DF81A55EBBA00F2B391 /* Base */,
			);
			name = Main.storyboard;
			sourceTree = "<group>";
		};
		0EC58DFC1A55EBBA00F2B391 /* LaunchScreen.xib */ = {
			isa = PBXVariantGroup;
			children = (
				0EC58DFD1A55EBBA00F2B391 /* Base */,
			);
			name = LaunchScreen.xib;
			sourceTree = "<group>";
		};
/* End PBXVariantGroup section */

/* Begin XCBuildConfiguration section */
		0EC58E0B1A55EBBA00F2B391 /* Debug */ = {
			isa = XCBuildConfiguration;
			buildSettings = {
				ALWAYS_SEARCH_USER_PATHS = NO;
				CLANG_CXX_LANGUAGE_STANDARD = "gnu++0x";
				CLANG_CXX_LIBRARY = "libc++";
				CLANG_ENABLE_MODULES = YES;
				CLANG_ENABLE_OBJC_ARC = YES;
				CLANG_WARN_BOOL_CONVERSION = YES;
				CLANG_WARN_CONSTANT_CONVERSION = YES;
				CLANG_WARN_DIRECT_OBJC_ISA_USAGE = YES_ERROR;
				CLANG_WARN_EMPTY_BODY = YES;
				CLANG_WARN_ENUM_CONVERSION = YES;
				CLANG_WARN_INT_CONVERSION = YES;
				CLANG_WARN_OBJC_ROOT_CLASS = YES_ERROR;
				CLANG_WARN_UNREACHABLE_CODE = YES;
				CLANG_WARN__DUPLICATE_METHOD_MATCH = YES;
				"CODE_SIGN_IDENTITY[sdk=iphoneos*]" = "iPhone Developer";
				COPY_PHASE_STRIP = NO;
				ENABLE_STRICT_OBJC_MSGSEND = YES;
				GCC_C_LANGUAGE_STANDARD = gnu99;
				GCC_DYNAMIC_NO_PIC = NO;
				GCC_OPTIMIZATION_LEVEL = 0;
				GCC_PREPROCESSOR_DEFINITIONS = (
					"DEBUG=1",
					"$(inherited)",
				);
				GCC_SYMBOLS_PRIVATE_EXTERN = NO;
				GCC_WARN_64_TO_32_BIT_CONVERSION = YES;
				GCC_WARN_ABOUT_RETURN_TYPE = YES_ERROR;
				GCC_WARN_UNDECLARED_SELECTOR = YES;
				GCC_WARN_UNINITIALIZED_AUTOS = YES_AGGRESSIVE;
				GCC_WARN_UNUSED_FUNCTION = YES;
				GCC_WARN_UNUSED_VARIABLE = YES;
				IPHONEOS_DEPLOYMENT_TARGET = 8.1;
				MTL_ENABLE_DEBUG_INFO = YES;
				ONLY_ACTIVE_ARCH = YES;
				SDKROOT = iphoneos;
			};
			name = Debug;
		};
		0EC58E0C1A55EBBA00F2B391 /* Release */ = {
			isa = XCBuildConfiguration;
			buildSettings = {
				ALWAYS_SEARCH_USER_PATHS = NO;
				CLANG_CXX_LANGUAGE_STANDARD = "gnu++0x";
				CLANG_CXX_LIBRARY = "libc++";
				CLANG_ENABLE_MODULES = YES;
				CLANG_ENABLE_OBJC_ARC = YES;
				CLANG_WARN_BOOL_CONVERSION = YES;
				CLANG_WARN_CONSTANT_CONVERSION = YES;
				CLANG_WARN_DIRECT_OBJC_ISA_USAGE = YES_ERROR;
				CLANG_WARN_EMPTY_BODY = YES;
				CLANG_WARN_ENUM_CONVERSION = YES;
				CLANG_WARN_INT_CONVERSION = YES;
				CLANG_WARN_OBJC_ROOT_CLASS = YES_ERROR;
				CLANG_WARN_UNREACHABLE_CODE = YES;
				CLANG_WARN__DUPLICATE_METHOD_MATCH = YES;
				"CODE_SIGN_IDENTITY[sdk=iphoneos*]" = "iPhone Developer";
				COPY_PHASE_STRIP = YES;
				ENABLE_NS_ASSERTIONS = NO;
				ENABLE_STRICT_OBJC_MSGSEND = YES;
				GCC_C_LANGUAGE_STANDARD = gnu99;
				GCC_WARN_64_TO_32_BIT_CONVERSION = YES;
				GCC_WARN_ABOUT_RETURN_TYPE = YES_ERROR;
				GCC_WARN_UNDECLARED_SELECTOR = YES;
				GCC_WARN_UNINITIALIZED_AUTOS = YES_AGGRESSIVE;
				GCC_WARN_UNUSED_FUNCTION = YES;
				GCC_WARN_UNUSED_VARIABLE = YES;
				IPHONEOS_DEPLOYMENT_TARGET = 8.1;
				MTL_ENABLE_DEBUG_INFO = NO;
				SDKROOT = iphoneos;
				VALIDATE_PRODUCT = YES;
			};
			name = Release;
		};
		0EC58E0E1A55EBBA00F2B391 /* Debug */ = {
			isa = XCBuildConfiguration;
			baseConfigurationReference = 763F4C2F295761E49E0D5B3C /* Pods.debug.xcconfig */;
			buildSettings = {
				ASSETCATALOG_COMPILER_APPICON_NAME = AppIcon;
				FRAMEWORK_SEARCH_PATHS = (
					"$(inherited)",
					"$(PROJECT_DIR)/POSPay",
				);
				GCC_INCREASE_PRECOMPILED_HEADER_SHARING = NO;
				GCC_PRECOMPILE_PREFIX_HEADER = YES;
				GCC_PREFIX_HEADER = "$(SRCROOT)/POSPay/PrefixHeader.pch";
				INFOPLIST_FILE = POSPay/Info.plist;
				LD_RUNPATH_SEARCH_PATHS = "$(inherited) @executable_path/Frameworks";
				PRODUCT_NAME = "$(TARGET_NAME)";
			};
			name = Debug;
		};
		0EC58E0F1A55EBBA00F2B391 /* Release */ = {
			isa = XCBuildConfiguration;
			baseConfigurationReference = E138A51BF58E0C2B98A69FB6 /* Pods.release.xcconfig */;
			buildSettings = {
				ASSETCATALOG_COMPILER_APPICON_NAME = AppIcon;
				FRAMEWORK_SEARCH_PATHS = (
					"$(inherited)",
					"$(PROJECT_DIR)/POSPay",
				);
				GCC_INCREASE_PRECOMPILED_HEADER_SHARING = NO;
				GCC_PRECOMPILE_PREFIX_HEADER = YES;
				GCC_PREFIX_HEADER = "$(SRCROOT)/POSPay/PrefixHeader.pch";
				INFOPLIST_FILE = POSPay/Info.plist;
				LD_RUNPATH_SEARCH_PATHS = "$(inherited) @executable_path/Frameworks";
				PRODUCT_NAME = "$(TARGET_NAME)";
			};
			name = Release;
		};
		0EC58E111A55EBBA00F2B391 /* Debug */ = {
			isa = XCBuildConfiguration;
			buildSettings = {
				BUNDLE_LOADER = "$(TEST_HOST)";
				FRAMEWORK_SEARCH_PATHS = (
					"$(SDKROOT)/Developer/Library/Frameworks",
					"$(inherited)",
				);
				GCC_PREPROCESSOR_DEFINITIONS = (
					"DEBUG=1",
					"$(inherited)",
				);
				INFOPLIST_FILE = POSPayTests/Info.plist;
				LD_RUNPATH_SEARCH_PATHS = "$(inherited) @executable_path/Frameworks @loader_path/Frameworks";
				PRODUCT_NAME = "$(TARGET_NAME)";
				TEST_HOST = "$(BUILT_PRODUCTS_DIR)/POSPay.app/POSPay";
			};
			name = Debug;
		};
		0EC58E121A55EBBA00F2B391 /* Release */ = {
			isa = XCBuildConfiguration;
			buildSettings = {
				BUNDLE_LOADER = "$(TEST_HOST)";
				FRAMEWORK_SEARCH_PATHS = (
					"$(SDKROOT)/Developer/Library/Frameworks",
					"$(inherited)",
				);
				INFOPLIST_FILE = POSPayTests/Info.plist;
				LD_RUNPATH_SEARCH_PATHS = "$(inherited) @executable_path/Frameworks @loader_path/Frameworks";
				PRODUCT_NAME = "$(TARGET_NAME)";
				TEST_HOST = "$(BUILT_PRODUCTS_DIR)/POSPay.app/POSPay";
			};
			name = Release;
		};
/* End XCBuildConfiguration section */

/* Begin XCConfigurationList section */
		0EC58DE21A55EBBA00F2B391 /* Build configuration list for PBXProject "POSPay" */ = {
			isa = XCConfigurationList;
			buildConfigurations = (
				0EC58E0B1A55EBBA00F2B391 /* Debug */,
				0EC58E0C1A55EBBA00F2B391 /* Release */,
			);
			defaultConfigurationIsVisible = 0;
			defaultConfigurationName = Release;
		};
		0EC58E0D1A55EBBA00F2B391 /* Build configuration list for PBXNativeTarget "POSPay" */ = {
			isa = XCConfigurationList;
			buildConfigurations = (
				0EC58E0E1A55EBBA00F2B391 /* Debug */,
				0EC58E0F1A55EBBA00F2B391 /* Release */,
			);
			defaultConfigurationIsVisible = 0;
			defaultConfigurationName = Release;
		};
		0EC58E101A55EBBA00F2B391 /* Build configuration list for PBXNativeTarget "POSPayTests" */ = {
			isa = XCConfigurationList;
			buildConfigurations = (
				0EC58E111A55EBBA00F2B391 /* Debug */,
				0EC58E121A55EBBA00F2B391 /* Release */,
			);
			defaultConfigurationIsVisible = 0;
			defaultConfigurationName = Release;
		};
/* End XCConfigurationList section */
	};
	rootObject = 0EC58DDF1A55EBBA00F2B391 /* Project object */;
}
